// !$*UTF8*$!
{
	archiveVersion = 1;
	classes = {
	};
	objectVersion = 56;
	objects = {

/* Begin PBXBuildFile section */
		2E611AA52B4C4A4000A96FCB /* CryptoPriceTrackerApp.swift in Sources */ = {isa = PBXBuildFile; fileRef = 2E611AA42B4C4A4000A96FCB /* CryptoPriceTrackerApp.swift */; };
		2E611AA92B4C4A4100A96FCB /* Assets.xcassets in Resources */ = {isa = PBXBuildFile; fileRef = 2E611AA82B4C4A4100A96FCB /* Assets.xcassets */; };
		2E611AAC2B4C4A4100A96FCB /* Preview Assets.xcassets in Resources */ = {isa = PBXBuildFile; fileRef = 2E611AAB2B4C4A4100A96FCB /* Preview Assets.xcassets */; };
		2E611AB62B4C4A4100A96FCB /* Crypto_Price_TrackerTests.swift in Sources */ = {isa = PBXBuildFile; fileRef = 2E611AB52B4C4A4100A96FCB /* Crypto_Price_TrackerTests.swift */; };
		2E611AF52B4C4B4C00A96FCB /* DataLoader.framework in Frameworks */ = {isa = PBXBuildFile; fileRef = 2E611AED2B4C4B4B00A96FCB /* DataLoader.framework */; };
		2E611AFC2B4C4B4C00A96FCB /* DataLoaderTests.swift in Sources */ = {isa = PBXBuildFile; fileRef = 2E611AFB2B4C4B4C00A96FCB /* DataLoaderTests.swift */; };
		2E611AFD2B4C4B4C00A96FCB /* DataLoader.h in Headers */ = {isa = PBXBuildFile; fileRef = 2E611AEF2B4C4B4B00A96FCB /* DataLoader.h */; settings = {ATTRIBUTES = (Public, ); }; };
		2E611B002B4C4B4C00A96FCB /* DataLoader.framework in Frameworks */ = {isa = PBXBuildFile; fileRef = 2E611AED2B4C4B4B00A96FCB /* DataLoader.framework */; };
		2E611B012B4C4B4C00A96FCB /* DataLoader.framework in Embed Frameworks */ = {isa = PBXBuildFile; fileRef = 2E611AED2B4C4B4B00A96FCB /* DataLoader.framework */; settings = {ATTRIBUTES = (CodeSignOnCopy, RemoveHeadersOnCopy, ); }; };
		2E611B162B4C4B5300A96FCB /* PageLoader.framework in Frameworks */ = {isa = PBXBuildFile; fileRef = 2E611B0E2B4C4B5300A96FCB /* PageLoader.framework */; };
		2E611B1D2B4C4B5400A96FCB /* PageLoaderTests.swift in Sources */ = {isa = PBXBuildFile; fileRef = 2E611B1C2B4C4B5400A96FCB /* PageLoaderTests.swift */; };
		2E611B1E2B4C4B5400A96FCB /* PageLoader.h in Headers */ = {isa = PBXBuildFile; fileRef = 2E611B102B4C4B5300A96FCB /* PageLoader.h */; settings = {ATTRIBUTES = (Public, ); }; };
		2E611B212B4C4B5400A96FCB /* PageLoader.framework in Frameworks */ = {isa = PBXBuildFile; fileRef = 2E611B0E2B4C4B5300A96FCB /* PageLoader.framework */; };
		2E611B222B4C4B5400A96FCB /* PageLoader.framework in Embed Frameworks */ = {isa = PBXBuildFile; fileRef = 2E611B0E2B4C4B5300A96FCB /* PageLoader.framework */; settings = {ATTRIBUTES = (CodeSignOnCopy, RemoveHeadersOnCopy, ); }; };
		2E611B362B4C4B6A00A96FCB /* Cache.framework in Frameworks */ = {isa = PBXBuildFile; fileRef = 2E611B2E2B4C4B6900A96FCB /* Cache.framework */; };
		2E611B3D2B4C4B6A00A96FCB /* CacheTests.swift in Sources */ = {isa = PBXBuildFile; fileRef = 2E611B3C2B4C4B6A00A96FCB /* CacheTests.swift */; };
		2E611B3E2B4C4B6A00A96FCB /* Cache.h in Headers */ = {isa = PBXBuildFile; fileRef = 2E611B302B4C4B6A00A96FCB /* Cache.h */; settings = {ATTRIBUTES = (Public, ); }; };
		2E611B412B4C4B6A00A96FCB /* Cache.framework in Frameworks */ = {isa = PBXBuildFile; fileRef = 2E611B2E2B4C4B6900A96FCB /* Cache.framework */; };
		2E611B422B4C4B6A00A96FCB /* Cache.framework in Embed Frameworks */ = {isa = PBXBuildFile; fileRef = 2E611B2E2B4C4B6900A96FCB /* Cache.framework */; settings = {ATTRIBUTES = (CodeSignOnCopy, RemoveHeadersOnCopy, ); }; };
		2E611B502B4C4C5200A96FCB /* CoinListLoader.swift in Sources */ = {isa = PBXBuildFile; fileRef = 2E611B4F2B4C4C5200A96FCB /* CoinListLoader.swift */; };
		2E611B522B4C4C6000A96FCB /* CoinListView.swift in Sources */ = {isa = PBXBuildFile; fileRef = 2E611B512B4C4C6000A96FCB /* CoinListView.swift */; };
		2E611B542B4C4C7100A96FCB /* CoinListPage.swift in Sources */ = {isa = PBXBuildFile; fileRef = 2E611B532B4C4C7100A96FCB /* CoinListPage.swift */; };
		2E611B562B4C4C7C00A96FCB /* CoinListViewModel.swift in Sources */ = {isa = PBXBuildFile; fileRef = 2E611B552B4C4C7C00A96FCB /* CoinListViewModel.swift */; };
		2E611B592B4C4CA400A96FCB /* CoinListItemView.swift in Sources */ = {isa = PBXBuildFile; fileRef = 2E611B582B4C4CA400A96FCB /* CoinListItemView.swift */; };
		2E611B5B2B4C4CAE00A96FCB /* CoinListItemViewModel.swift in Sources */ = {isa = PBXBuildFile; fileRef = 2E611B5A2B4C4CAE00A96FCB /* CoinListItemViewModel.swift */; };
		2E611B5D2B4C4CC200A96FCB /* DataLoader.swift in Sources */ = {isa = PBXBuildFile; fileRef = 2E611B5C2B4C4CC200A96FCB /* DataLoader.swift */; };
		2E611B602B4C4CD600A96FCB /* PageLoader.swift in Sources */ = {isa = PBXBuildFile; fileRef = 2E611B5E2B4C4CD600A96FCB /* PageLoader.swift */; };
		2E611B612B4C4CD600A96FCB /* ErrorView.swift in Sources */ = {isa = PBXBuildFile; fileRef = 2E611B5F2B4C4CD600A96FCB /* ErrorView.swift */; };
		2E611B642B4C4D0A00A96FCB /* ServiceProvider.swift in Sources */ = {isa = PBXBuildFile; fileRef = 2E611B632B4C4D0A00A96FCB /* ServiceProvider.swift */; };
		2E611B682B4C4D2500A96FCB /* AnyPublisher+Cache.swift in Sources */ = {isa = PBXBuildFile; fileRef = 2E611B652B4C4D2400A96FCB /* AnyPublisher+Cache.swift */; };
		2E611B692B4C4D2500A96FCB /* Cache.swift in Sources */ = {isa = PBXBuildFile; fileRef = 2E611B662B4C4D2400A96FCB /* Cache.swift */; };
		2E611B6A2B4C4D2500A96FCB /* PublisherCache.swift in Sources */ = {isa = PBXBuildFile; fileRef = 2E611B672B4C4D2400A96FCB /* PublisherCache.swift */; };
		2E611B6C2B4C4D4600A96FCB /* PageFactory.swift in Sources */ = {isa = PBXBuildFile; fileRef = 2E611B6B2B4C4D4600A96FCB /* PageFactory.swift */; };
		2E611B6E2B4C50D500A96FCB /* Models.swift in Sources */ = {isa = PBXBuildFile; fileRef = 2E611B6D2B4C50D500A96FCB /* Models.swift */; };
		2E611B722B4C533E00A96FCB /* String+Extensions.swift in Sources */ = {isa = PBXBuildFile; fileRef = 2E611B712B4C533E00A96FCB /* String+Extensions.swift */; };
		2E611B742B4D37E000A96FCB /* View+Extensions.swift in Sources */ = {isa = PBXBuildFile; fileRef = 2E611B732B4D37E000A96FCB /* View+Extensions.swift */; };
		2E611B772B4D38A600A96FCB /* NavigationCoordinator.swift in Sources */ = {isa = PBXBuildFile; fileRef = 2E611B762B4D38A600A96FCB /* NavigationCoordinator.swift */; };
		2E611B7B2B4DB4DB00A96FCB /* SettingsView.swift in Sources */ = {isa = PBXBuildFile; fileRef = 2E611B7A2B4DB4DB00A96FCB /* SettingsView.swift */; };
		2E611B7F2B4DB59700A96FCB /* Settings.swift in Sources */ = {isa = PBXBuildFile; fileRef = 2E611B7E2B4DB59700A96FCB /* Settings.swift */; };
		2E611B812B4E8DF300A96FCB /* SettingsPage.swift in Sources */ = {isa = PBXBuildFile; fileRef = 2E611B802B4E8DF300A96FCB /* SettingsPage.swift */; };
		2E611B832B4E90CC00A96FCB /* ModalPageView.swift in Sources */ = {isa = PBXBuildFile; fileRef = 2E611B822B4E90CC00A96FCB /* ModalPageView.swift */; };
		2E611B852B4ED5E900A96FCB /* ExchangeRateLoader.swift in Sources */ = {isa = PBXBuildFile; fileRef = 2E611B842B4ED5E900A96FCB /* ExchangeRateLoader.swift */; };
		2E611B8A2B4ED8F800A96FCB /* ExchangeRates.swift in Sources */ = {isa = PBXBuildFile; fileRef = 2E611B892B4ED8F800A96FCB /* ExchangeRates.swift */; };
/* End PBXBuildFile section */

/* Begin PBXContainerItemProxy section */
		2E611AB22B4C4A4100A96FCB /* PBXContainerItemProxy */ = {
			isa = PBXContainerItemProxy;
			containerPortal = 2E611A992B4C4A4000A96FCB /* Project object */;
			proxyType = 1;
			remoteGlobalIDString = 2E611AA02B4C4A4000A96FCB;
			remoteInfo = "Crypto Price Tracker";
		};
		2E611AF62B4C4B4C00A96FCB /* PBXContainerItemProxy */ = {
			isa = PBXContainerItemProxy;
			containerPortal = 2E611A992B4C4A4000A96FCB /* Project object */;
			proxyType = 1;
			remoteGlobalIDString = 2E611AEC2B4C4B4B00A96FCB;
			remoteInfo = DataLoader;
		};
		2E611AF82B4C4B4C00A96FCB /* PBXContainerItemProxy */ = {
			isa = PBXContainerItemProxy;
			containerPortal = 2E611A992B4C4A4000A96FCB /* Project object */;
			proxyType = 1;
			remoteGlobalIDString = 2E611AA02B4C4A4000A96FCB;
			remoteInfo = "Crypto Price Tracker";
		};
		2E611AFE2B4C4B4C00A96FCB /* PBXContainerItemProxy */ = {
			isa = PBXContainerItemProxy;
			containerPortal = 2E611A992B4C4A4000A96FCB /* Project object */;
			proxyType = 1;
			remoteGlobalIDString = 2E611AEC2B4C4B4B00A96FCB;
			remoteInfo = DataLoader;
		};
		2E611B172B4C4B5300A96FCB /* PBXContainerItemProxy */ = {
			isa = PBXContainerItemProxy;
			containerPortal = 2E611A992B4C4A4000A96FCB /* Project object */;
			proxyType = 1;
			remoteGlobalIDString = 2E611B0D2B4C4B5300A96FCB;
			remoteInfo = PageLoader;
		};
		2E611B192B4C4B5300A96FCB /* PBXContainerItemProxy */ = {
			isa = PBXContainerItemProxy;
			containerPortal = 2E611A992B4C4A4000A96FCB /* Project object */;
			proxyType = 1;
			remoteGlobalIDString = 2E611AA02B4C4A4000A96FCB;
			remoteInfo = "Crypto Price Tracker";
		};
		2E611B1F2B4C4B5400A96FCB /* PBXContainerItemProxy */ = {
			isa = PBXContainerItemProxy;
			containerPortal = 2E611A992B4C4A4000A96FCB /* Project object */;
			proxyType = 1;
			remoteGlobalIDString = 2E611B0D2B4C4B5300A96FCB;
			remoteInfo = PageLoader;
		};
		2E611B372B4C4B6A00A96FCB /* PBXContainerItemProxy */ = {
			isa = PBXContainerItemProxy;
			containerPortal = 2E611A992B4C4A4000A96FCB /* Project object */;
			proxyType = 1;
			remoteGlobalIDString = 2E611B2D2B4C4B6900A96FCB;
			remoteInfo = Cache;
		};
		2E611B392B4C4B6A00A96FCB /* PBXContainerItemProxy */ = {
			isa = PBXContainerItemProxy;
			containerPortal = 2E611A992B4C4A4000A96FCB /* Project object */;
			proxyType = 1;
			remoteGlobalIDString = 2E611AA02B4C4A4000A96FCB;
			remoteInfo = "Crypto Price Tracker";
		};
		2E611B3F2B4C4B6A00A96FCB /* PBXContainerItemProxy */ = {
			isa = PBXContainerItemProxy;
			containerPortal = 2E611A992B4C4A4000A96FCB /* Project object */;
			proxyType = 1;
			remoteGlobalIDString = 2E611B2D2B4C4B6900A96FCB;
			remoteInfo = Cache;
		};
/* End PBXContainerItemProxy section */

/* Begin PBXCopyFilesBuildPhase section */
		2E611B052B4C4B4C00A96FCB /* Embed Frameworks */ = {
			isa = PBXCopyFilesBuildPhase;
			buildActionMask = 2147483647;
			dstPath = "";
			dstSubfolderSpec = 10;
			files = (
				2E611B222B4C4B5400A96FCB /* PageLoader.framework in Embed Frameworks */,
				2E611B012B4C4B4C00A96FCB /* DataLoader.framework in Embed Frameworks */,
				2E611B422B4C4B6A00A96FCB /* Cache.framework in Embed Frameworks */,
			);
			name = "Embed Frameworks";
			runOnlyForDeploymentPostprocessing = 0;
		};
/* End PBXCopyFilesBuildPhase section */

/* Begin PBXFileReference section */
		2E611AA12B4C4A4000A96FCB /* Crypto Price Tracker.app */ = {isa = PBXFileReference; explicitFileType = wrapper.application; includeInIndex = 0; path = "Crypto Price Tracker.app"; sourceTree = BUILT_PRODUCTS_DIR; };
		2E611AA42B4C4A4000A96FCB /* CryptoPriceTrackerApp.swift */ = {isa = PBXFileReference; lastKnownFileType = sourcecode.swift; path = CryptoPriceTrackerApp.swift; sourceTree = "<group>"; };
		2E611AA82B4C4A4100A96FCB /* Assets.xcassets */ = {isa = PBXFileReference; lastKnownFileType = folder.assetcatalog; path = Assets.xcassets; sourceTree = "<group>"; };
		2E611AAB2B4C4A4100A96FCB /* Preview Assets.xcassets */ = {isa = PBXFileReference; lastKnownFileType = folder.assetcatalog; path = "Preview Assets.xcassets"; sourceTree = "<group>"; };
		2E611AB12B4C4A4100A96FCB /* Crypto Price TrackerTests.xctest */ = {isa = PBXFileReference; explicitFileType = wrapper.cfbundle; includeInIndex = 0; path = "Crypto Price TrackerTests.xctest"; sourceTree = BUILT_PRODUCTS_DIR; };
		2E611AB52B4C4A4100A96FCB /* Crypto_Price_TrackerTests.swift */ = {isa = PBXFileReference; lastKnownFileType = sourcecode.swift; path = Crypto_Price_TrackerTests.swift; sourceTree = "<group>"; };
		2E611AED2B4C4B4B00A96FCB /* DataLoader.framework */ = {isa = PBXFileReference; explicitFileType = wrapper.framework; includeInIndex = 0; path = DataLoader.framework; sourceTree = BUILT_PRODUCTS_DIR; };
		2E611AEF2B4C4B4B00A96FCB /* DataLoader.h */ = {isa = PBXFileReference; lastKnownFileType = sourcecode.c.h; path = DataLoader.h; sourceTree = "<group>"; };
		2E611AF42B4C4B4B00A96FCB /* DataLoaderTests.xctest */ = {isa = PBXFileReference; explicitFileType = wrapper.cfbundle; includeInIndex = 0; path = DataLoaderTests.xctest; sourceTree = BUILT_PRODUCTS_DIR; };
		2E611AFB2B4C4B4C00A96FCB /* DataLoaderTests.swift */ = {isa = PBXFileReference; lastKnownFileType = sourcecode.swift; path = DataLoaderTests.swift; sourceTree = "<group>"; };
		2E611B0E2B4C4B5300A96FCB /* PageLoader.framework */ = {isa = PBXFileReference; explicitFileType = wrapper.framework; includeInIndex = 0; path = PageLoader.framework; sourceTree = BUILT_PRODUCTS_DIR; };
		2E611B102B4C4B5300A96FCB /* PageLoader.h */ = {isa = PBXFileReference; lastKnownFileType = sourcecode.c.h; path = PageLoader.h; sourceTree = "<group>"; };
		2E611B152B4C4B5300A96FCB /* PageLoaderTests.xctest */ = {isa = PBXFileReference; explicitFileType = wrapper.cfbundle; includeInIndex = 0; path = PageLoaderTests.xctest; sourceTree = BUILT_PRODUCTS_DIR; };
		2E611B1C2B4C4B5400A96FCB /* PageLoaderTests.swift */ = {isa = PBXFileReference; lastKnownFileType = sourcecode.swift; path = PageLoaderTests.swift; sourceTree = "<group>"; };
		2E611B2E2B4C4B6900A96FCB /* Cache.framework */ = {isa = PBXFileReference; explicitFileType = wrapper.framework; includeInIndex = 0; path = Cache.framework; sourceTree = BUILT_PRODUCTS_DIR; };
		2E611B302B4C4B6A00A96FCB /* Cache.h */ = {isa = PBXFileReference; lastKnownFileType = sourcecode.c.h; path = Cache.h; sourceTree = "<group>"; };
		2E611B352B4C4B6A00A96FCB /* CacheTests.xctest */ = {isa = PBXFileReference; explicitFileType = wrapper.cfbundle; includeInIndex = 0; path = CacheTests.xctest; sourceTree = BUILT_PRODUCTS_DIR; };
		2E611B3C2B4C4B6A00A96FCB /* CacheTests.swift */ = {isa = PBXFileReference; lastKnownFileType = sourcecode.swift; path = CacheTests.swift; sourceTree = "<group>"; };
		2E611B4F2B4C4C5200A96FCB /* CoinListLoader.swift */ = {isa = PBXFileReference; lastKnownFileType = sourcecode.swift; path = CoinListLoader.swift; sourceTree = "<group>"; };
		2E611B512B4C4C6000A96FCB /* CoinListView.swift */ = {isa = PBXFileReference; lastKnownFileType = sourcecode.swift; path = CoinListView.swift; sourceTree = "<group>"; };
		2E611B532B4C4C7100A96FCB /* CoinListPage.swift */ = {isa = PBXFileReference; lastKnownFileType = sourcecode.swift; path = CoinListPage.swift; sourceTree = "<group>"; };
		2E611B552B4C4C7C00A96FCB /* CoinListViewModel.swift */ = {isa = PBXFileReference; lastKnownFileType = sourcecode.swift; path = CoinListViewModel.swift; sourceTree = "<group>"; };
		2E611B582B4C4CA400A96FCB /* CoinListItemView.swift */ = {isa = PBXFileReference; lastKnownFileType = sourcecode.swift; path = CoinListItemView.swift; sourceTree = "<group>"; };
		2E611B5A2B4C4CAE00A96FCB /* CoinListItemViewModel.swift */ = {isa = PBXFileReference; lastKnownFileType = sourcecode.swift; path = CoinListItemViewModel.swift; sourceTree = "<group>"; };
		2E611B5C2B4C4CC200A96FCB /* DataLoader.swift */ = {isa = PBXFileReference; fileEncoding = 4; lastKnownFileType = sourcecode.swift; path = DataLoader.swift; sourceTree = "<group>"; };
		2E611B5E2B4C4CD600A96FCB /* PageLoader.swift */ = {isa = PBXFileReference; fileEncoding = 4; lastKnownFileType = sourcecode.swift; path = PageLoader.swift; sourceTree = "<group>"; };
		2E611B5F2B4C4CD600A96FCB /* ErrorView.swift */ = {isa = PBXFileReference; fileEncoding = 4; lastKnownFileType = sourcecode.swift; path = ErrorView.swift; sourceTree = "<group>"; };
		2E611B632B4C4D0A00A96FCB /* ServiceProvider.swift */ = {isa = PBXFileReference; fileEncoding = 4; lastKnownFileType = sourcecode.swift; path = ServiceProvider.swift; sourceTree = "<group>"; };
		2E611B652B4C4D2400A96FCB /* AnyPublisher+Cache.swift */ = {isa = PBXFileReference; fileEncoding = 4; lastKnownFileType = sourcecode.swift; path = "AnyPublisher+Cache.swift"; sourceTree = "<group>"; };
		2E611B662B4C4D2400A96FCB /* Cache.swift */ = {isa = PBXFileReference; fileEncoding = 4; lastKnownFileType = sourcecode.swift; path = Cache.swift; sourceTree = "<group>"; };
		2E611B672B4C4D2400A96FCB /* PublisherCache.swift */ = {isa = PBXFileReference; fileEncoding = 4; lastKnownFileType = sourcecode.swift; path = PublisherCache.swift; sourceTree = "<group>"; };
		2E611B6B2B4C4D4600A96FCB /* PageFactory.swift */ = {isa = PBXFileReference; lastKnownFileType = sourcecode.swift; path = PageFactory.swift; sourceTree = "<group>"; };
		2E611B6D2B4C50D500A96FCB /* Models.swift */ = {isa = PBXFileReference; lastKnownFileType = sourcecode.swift; path = Models.swift; sourceTree = "<group>"; };
		2E611B712B4C533E00A96FCB /* String+Extensions.swift */ = {isa = PBXFileReference; fileEncoding = 4; lastKnownFileType = sourcecode.swift; path = "String+Extensions.swift"; sourceTree = "<group>"; };
		2E611B732B4D37E000A96FCB /* View+Extensions.swift */ = {isa = PBXFileReference; fileEncoding = 4; lastKnownFileType = sourcecode.swift; path = "View+Extensions.swift"; sourceTree = "<group>"; };
		2E611B762B4D38A600A96FCB /* NavigationCoordinator.swift */ = {isa = PBXFileReference; fileEncoding = 4; lastKnownFileType = sourcecode.swift; path = NavigationCoordinator.swift; sourceTree = "<group>"; };
		2E611B7A2B4DB4DB00A96FCB /* SettingsView.swift */ = {isa = PBXFileReference; lastKnownFileType = sourcecode.swift; path = SettingsView.swift; sourceTree = "<group>"; };
		2E611B7E2B4DB59700A96FCB /* Settings.swift */ = {isa = PBXFileReference; lastKnownFileType = sourcecode.swift; path = Settings.swift; sourceTree = "<group>"; };
		2E611B802B4E8DF300A96FCB /* SettingsPage.swift */ = {isa = PBXFileReference; lastKnownFileType = sourcecode.swift; path = SettingsPage.swift; sourceTree = "<group>"; };
		2E611B822B4E90CC00A96FCB /* ModalPageView.swift */ = {isa = PBXFileReference; lastKnownFileType = sourcecode.swift; path = ModalPageView.swift; sourceTree = "<group>"; };
		2E611B842B4ED5E900A96FCB /* ExchangeRateLoader.swift */ = {isa = PBXFileReference; lastKnownFileType = sourcecode.swift; path = ExchangeRateLoader.swift; sourceTree = "<group>"; };
		2E611B892B4ED8F800A96FCB /* ExchangeRates.swift */ = {isa = PBXFileReference; lastKnownFileType = sourcecode.swift; path = ExchangeRates.swift; sourceTree = "<group>"; };
/* End PBXFileReference section */

/* Begin PBXFrameworksBuildPhase section */
		2E611A9E2B4C4A4000A96FCB /* Frameworks */ = {
			isa = PBXFrameworksBuildPhase;
			buildActionMask = 2147483647;
			files = (
				2E611B212B4C4B5400A96FCB /* PageLoader.framework in Frameworks */,
				2E611B002B4C4B4C00A96FCB /* DataLoader.framework in Frameworks */,
				2E611B412B4C4B6A00A96FCB /* Cache.framework in Frameworks */,
			);
			runOnlyForDeploymentPostprocessing = 0;
		};
		2E611AAE2B4C4A4100A96FCB /* Frameworks */ = {
			isa = PBXFrameworksBuildPhase;
			buildActionMask = 2147483647;
			files = (
			);
			runOnlyForDeploymentPostprocessing = 0;
		};
		2E611AEA2B4C4B4B00A96FCB /* Frameworks */ = {
			isa = PBXFrameworksBuildPhase;
			buildActionMask = 2147483647;
			files = (
			);
			runOnlyForDeploymentPostprocessing = 0;
		};
		2E611AF12B4C4B4B00A96FCB /* Frameworks */ = {
			isa = PBXFrameworksBuildPhase;
			buildActionMask = 2147483647;
			files = (
				2E611AF52B4C4B4C00A96FCB /* DataLoader.framework in Frameworks */,
			);
			runOnlyForDeploymentPostprocessing = 0;
		};
		2E611B0B2B4C4B5300A96FCB /* Frameworks */ = {
			isa = PBXFrameworksBuildPhase;
			buildActionMask = 2147483647;
			files = (
			);
			runOnlyForDeploymentPostprocessing = 0;
		};
		2E611B122B4C4B5300A96FCB /* Frameworks */ = {
			isa = PBXFrameworksBuildPhase;
			buildActionMask = 2147483647;
			files = (
				2E611B162B4C4B5300A96FCB /* PageLoader.framework in Frameworks */,
			);
			runOnlyForDeploymentPostprocessing = 0;
		};
		2E611B2B2B4C4B6900A96FCB /* Frameworks */ = {
			isa = PBXFrameworksBuildPhase;
			buildActionMask = 2147483647;
			files = (
			);
			runOnlyForDeploymentPostprocessing = 0;
		};
		2E611B322B4C4B6A00A96FCB /* Frameworks */ = {
			isa = PBXFrameworksBuildPhase;
			buildActionMask = 2147483647;
			files = (
				2E611B362B4C4B6A00A96FCB /* Cache.framework in Frameworks */,
			);
			runOnlyForDeploymentPostprocessing = 0;
		};
/* End PBXFrameworksBuildPhase section */

/* Begin PBXGroup section */
		2E611A982B4C4A4000A96FCB = {
			isa = PBXGroup;
			children = (
				2E611AA32B4C4A4000A96FCB /* Crypto Price Tracker */,
				2E611AB42B4C4A4100A96FCB /* Crypto Price TrackerTests */,
				2E611AEE2B4C4B4B00A96FCB /* DataLoader */,
				2E611AFA2B4C4B4C00A96FCB /* DataLoaderTests */,
				2E611B0F2B4C4B5300A96FCB /* PageLoader */,
				2E611B1B2B4C4B5400A96FCB /* PageLoaderTests */,
				2E611B2F2B4C4B6A00A96FCB /* Cache */,
				2E611B3B2B4C4B6A00A96FCB /* CacheTests */,
				2E611AA22B4C4A4000A96FCB /* Products */,
			);
			sourceTree = "<group>";
		};
		2E611AA22B4C4A4000A96FCB /* Products */ = {
			isa = PBXGroup;
			children = (
				2E611AA12B4C4A4000A96FCB /* Crypto Price Tracker.app */,
				2E611AB12B4C4A4100A96FCB /* Crypto Price TrackerTests.xctest */,
				2E611AED2B4C4B4B00A96FCB /* DataLoader.framework */,
				2E611AF42B4C4B4B00A96FCB /* DataLoaderTests.xctest */,
				2E611B0E2B4C4B5300A96FCB /* PageLoader.framework */,
				2E611B152B4C4B5300A96FCB /* PageLoaderTests.xctest */,
				2E611B2E2B4C4B6900A96FCB /* Cache.framework */,
				2E611B352B4C4B6A00A96FCB /* CacheTests.xctest */,
			);
			name = Products;
			sourceTree = "<group>";
		};
		2E611AA32B4C4A4000A96FCB /* Crypto Price Tracker */ = {
			isa = PBXGroup;
			children = (
				2E611AA42B4C4A4000A96FCB /* CryptoPriceTrackerApp.swift */,
				2E611B4C2B4C4BFB00A96FCB /* Views */,
				2E611B882B4ED6AB00A96FCB /* ExchangeRates */,
				2E611B622B4C4CF000A96FCB /* ServiceProvider */,
				2E611B702B4C532600A96FCB /* Utilities */,
				2E611B4A2B4C4BBC00A96FCB /* Assets */,
			);
			path = "Crypto Price Tracker";
			sourceTree = "<group>";
		};
		2E611AAA2B4C4A4100A96FCB /* Preview Content */ = {
			isa = PBXGroup;
			children = (
				2E611AAB2B4C4A4100A96FCB /* Preview Assets.xcassets */,
			);
			path = "Preview Content";
			sourceTree = "<group>";
		};
		2E611AB42B4C4A4100A96FCB /* Crypto Price TrackerTests */ = {
			isa = PBXGroup;
			children = (
				2E611AB52B4C4A4100A96FCB /* Crypto_Price_TrackerTests.swift */,
			);
			path = "Crypto Price TrackerTests";
			sourceTree = "<group>";
		};
		2E611AEE2B4C4B4B00A96FCB /* DataLoader */ = {
			isa = PBXGroup;
			children = (
				2E611B5C2B4C4CC200A96FCB /* DataLoader.swift */,
				2E611AEF2B4C4B4B00A96FCB /* DataLoader.h */,
			);
			path = DataLoader;
			sourceTree = "<group>";
		};
		2E611AFA2B4C4B4C00A96FCB /* DataLoaderTests */ = {
			isa = PBXGroup;
			children = (
				2E611AFB2B4C4B4C00A96FCB /* DataLoaderTests.swift */,
			);
			path = DataLoaderTests;
			sourceTree = "<group>";
		};
		2E611B0F2B4C4B5300A96FCB /* PageLoader */ = {
			isa = PBXGroup;
			children = (
				2E611B5F2B4C4CD600A96FCB /* ErrorView.swift */,
				2E611B5E2B4C4CD600A96FCB /* PageLoader.swift */,
				2E611B102B4C4B5300A96FCB /* PageLoader.h */,
			);
			path = PageLoader;
			sourceTree = "<group>";
		};
		2E611B1B2B4C4B5400A96FCB /* PageLoaderTests */ = {
			isa = PBXGroup;
			children = (
				2E611B1C2B4C4B5400A96FCB /* PageLoaderTests.swift */,
			);
			path = PageLoaderTests;
			sourceTree = "<group>";
		};
		2E611B2F2B4C4B6A00A96FCB /* Cache */ = {
			isa = PBXGroup;
			children = (
				2E611B652B4C4D2400A96FCB /* AnyPublisher+Cache.swift */,
				2E611B662B4C4D2400A96FCB /* Cache.swift */,
				2E611B672B4C4D2400A96FCB /* PublisherCache.swift */,
				2E611B302B4C4B6A00A96FCB /* Cache.h */,
			);
			path = Cache;
			sourceTree = "<group>";
		};
		2E611B3B2B4C4B6A00A96FCB /* CacheTests */ = {
			isa = PBXGroup;
			children = (
				2E611B3C2B4C4B6A00A96FCB /* CacheTests.swift */,
			);
			path = CacheTests;
			sourceTree = "<group>";
		};
		2E611B4A2B4C4BBC00A96FCB /* Assets */ = {
			isa = PBXGroup;
			children = (
				2E611AA82B4C4A4100A96FCB /* Assets.xcassets */,
				2E611AAA2B4C4A4100A96FCB /* Preview Content */,
			);
			name = Assets;
			sourceTree = "<group>";
		};
		2E611B4C2B4C4BFB00A96FCB /* Views */ = {
			isa = PBXGroup;
			children = (
				2E611B752B4D389A00A96FCB /* Navigation */,
				2E611B4D2B4C4C0300A96FCB /* CoinList */,
				2E611B792B4DB4B900A96FCB /* Settings */,
			);
			path = Views;
			sourceTree = "<group>";
		};
		2E611B4D2B4C4C0300A96FCB /* CoinList */ = {
			isa = PBXGroup;
			children = (
				2E611B4E2B4C4C4100A96FCB /* CoinListLoader */,
				2E611B782B4D39B000A96FCB /* List */,
				2E611B572B4C4C8B00A96FCB /* Items */,
			);
			path = CoinList;
			sourceTree = "<group>";
		};
		2E611B4E2B4C4C4100A96FCB /* CoinListLoader */ = {
			isa = PBXGroup;
			children = (
				2E611B4F2B4C4C5200A96FCB /* CoinListLoader.swift */,
				2E611B6D2B4C50D500A96FCB /* Models.swift */,
			);
			path = CoinListLoader;
			sourceTree = "<group>";
		};
		2E611B572B4C4C8B00A96FCB /* Items */ = {
			isa = PBXGroup;
			children = (
				2E611B582B4C4CA400A96FCB /* CoinListItemView.swift */,
				2E611B5A2B4C4CAE00A96FCB /* CoinListItemViewModel.swift */,
			);
			path = Items;
			sourceTree = "<group>";
		};
		2E611B622B4C4CF000A96FCB /* ServiceProvider */ = {
			isa = PBXGroup;
			children = (
				2E611B632B4C4D0A00A96FCB /* ServiceProvider.swift */,
			);
			path = ServiceProvider;
			sourceTree = "<group>";
		};
		2E611B702B4C532600A96FCB /* Utilities */ = {
			isa = PBXGroup;
			children = (
				2E611B732B4D37E000A96FCB /* View+Extensions.swift */,
				2E611B712B4C533E00A96FCB /* String+Extensions.swift */,
			);
			path = Utilities;
			sourceTree = "<group>";
		};
		2E611B752B4D389A00A96FCB /* Navigation */ = {
			isa = PBXGroup;
			children = (
				2E611B6B2B4C4D4600A96FCB /* PageFactory.swift */,
				2E611B762B4D38A600A96FCB /* NavigationCoordinator.swift */,
				2E611B822B4E90CC00A96FCB /* ModalPageView.swift */,
			);
			path = Navigation;
			sourceTree = "<group>";
		};
		2E611B782B4D39B000A96FCB /* List */ = {
			isa = PBXGroup;
			children = (
				2E611B532B4C4C7100A96FCB /* CoinListPage.swift */,
				2E611B512B4C4C6000A96FCB /* CoinListView.swift */,
				2E611B552B4C4C7C00A96FCB /* CoinListViewModel.swift */,
			);
			path = List;
			sourceTree = "<group>";
		};
		2E611B792B4DB4B900A96FCB /* Settings */ = {
			isa = PBXGroup;
			children = (
				2E611B802B4E8DF300A96FCB /* SettingsPage.swift */,
				2E611B7A2B4DB4DB00A96FCB /* SettingsView.swift */,
				2E611B7E2B4DB59700A96FCB /* Settings.swift */,
			);
			path = Settings;
			sourceTree = "<group>";
		};
		2E611B882B4ED6AB00A96FCB /* ExchangeRates */ = {
			isa = PBXGroup;
			children = (
				2E611B842B4ED5E900A96FCB /* ExchangeRateLoader.swift */,
				2E611B892B4ED8F800A96FCB /* ExchangeRates.swift */,
			);
			path = ExchangeRates;
			sourceTree = "<group>";
		};
/* End PBXGroup section */

/* Begin PBXHeadersBuildPhase section */
		2E611AE82B4C4B4B00A96FCB /* Headers */ = {
			isa = PBXHeadersBuildPhase;
			buildActionMask = 2147483647;
			files = (
				2E611AFD2B4C4B4C00A96FCB /* DataLoader.h in Headers */,
			);
			runOnlyForDeploymentPostprocessing = 0;
		};
		2E611B092B4C4B5300A96FCB /* Headers */ = {
			isa = PBXHeadersBuildPhase;
			buildActionMask = 2147483647;
			files = (
				2E611B1E2B4C4B5400A96FCB /* PageLoader.h in Headers */,
			);
			runOnlyForDeploymentPostprocessing = 0;
		};
		2E611B292B4C4B6900A96FCB /* Headers */ = {
			isa = PBXHeadersBuildPhase;
			buildActionMask = 2147483647;
			files = (
				2E611B3E2B4C4B6A00A96FCB /* Cache.h in Headers */,
			);
			runOnlyForDeploymentPostprocessing = 0;
		};
/* End PBXHeadersBuildPhase section */

/* Begin PBXNativeTarget section */
		2E611AA02B4C4A4000A96FCB /* Crypto Price Tracker */ = {
			isa = PBXNativeTarget;
			buildConfigurationList = 2E611AC52B4C4A4100A96FCB /* Build configuration list for PBXNativeTarget "Crypto Price Tracker" */;
			buildPhases = (
				2E611A9D2B4C4A4000A96FCB /* Sources */,
				2E611A9E2B4C4A4000A96FCB /* Frameworks */,
				2E611A9F2B4C4A4000A96FCB /* Resources */,
				2E611B052B4C4B4C00A96FCB /* Embed Frameworks */,
			);
			buildRules = (
			);
			dependencies = (
				2E611AFF2B4C4B4C00A96FCB /* PBXTargetDependency */,
				2E611B202B4C4B5400A96FCB /* PBXTargetDependency */,
				2E611B402B4C4B6A00A96FCB /* PBXTargetDependency */,
			);
			name = "Crypto Price Tracker";
			productName = "Crypto Price Tracker";
			productReference = 2E611AA12B4C4A4000A96FCB /* Crypto Price Tracker.app */;
			productType = "com.apple.product-type.application";
		};
		2E611AB02B4C4A4100A96FCB /* Crypto Price TrackerTests */ = {
			isa = PBXNativeTarget;
			buildConfigurationList = 2E611AC82B4C4A4100A96FCB /* Build configuration list for PBXNativeTarget "Crypto Price TrackerTests" */;
			buildPhases = (
				2E611AAD2B4C4A4100A96FCB /* Sources */,
				2E611AAE2B4C4A4100A96FCB /* Frameworks */,
				2E611AAF2B4C4A4100A96FCB /* Resources */,
			);
			buildRules = (
			);
			dependencies = (
				2E611AB32B4C4A4100A96FCB /* PBXTargetDependency */,
			);
			name = "Crypto Price TrackerTests";
			productName = "Crypto Price TrackerTests";
			productReference = 2E611AB12B4C4A4100A96FCB /* Crypto Price TrackerTests.xctest */;
			productType = "com.apple.product-type.bundle.unit-test";
		};
		2E611AEC2B4C4B4B00A96FCB /* DataLoader */ = {
			isa = PBXNativeTarget;
			buildConfigurationList = 2E611B022B4C4B4C00A96FCB /* Build configuration list for PBXNativeTarget "DataLoader" */;
			buildPhases = (
				2E611AE82B4C4B4B00A96FCB /* Headers */,
				2E611AE92B4C4B4B00A96FCB /* Sources */,
				2E611AEA2B4C4B4B00A96FCB /* Frameworks */,
				2E611AEB2B4C4B4B00A96FCB /* Resources */,
			);
			buildRules = (
			);
			dependencies = (
			);
			name = DataLoader;
			productName = DataLoader;
			productReference = 2E611AED2B4C4B4B00A96FCB /* DataLoader.framework */;
			productType = "com.apple.product-type.framework";
		};
		2E611AF32B4C4B4B00A96FCB /* DataLoaderTests */ = {
			isa = PBXNativeTarget;
			buildConfigurationList = 2E611B062B4C4B4C00A96FCB /* Build configuration list for PBXNativeTarget "DataLoaderTests" */;
			buildPhases = (
				2E611AF02B4C4B4B00A96FCB /* Sources */,
				2E611AF12B4C4B4B00A96FCB /* Frameworks */,
				2E611AF22B4C4B4B00A96FCB /* Resources */,
			);
			buildRules = (
			);
			dependencies = (
				2E611AF72B4C4B4C00A96FCB /* PBXTargetDependency */,
				2E611AF92B4C4B4C00A96FCB /* PBXTargetDependency */,
			);
			name = DataLoaderTests;
			productName = DataLoaderTests;
			productReference = 2E611AF42B4C4B4B00A96FCB /* DataLoaderTests.xctest */;
			productType = "com.apple.product-type.bundle.unit-test";
		};
		2E611B0D2B4C4B5300A96FCB /* PageLoader */ = {
			isa = PBXNativeTarget;
			buildConfigurationList = 2E611B232B4C4B5400A96FCB /* Build configuration list for PBXNativeTarget "PageLoader" */;
			buildPhases = (
				2E611B092B4C4B5300A96FCB /* Headers */,
				2E611B0A2B4C4B5300A96FCB /* Sources */,
				2E611B0B2B4C4B5300A96FCB /* Frameworks */,
				2E611B0C2B4C4B5300A96FCB /* Resources */,
			);
			buildRules = (
			);
			dependencies = (
			);
			name = PageLoader;
			productName = PageLoader;
			productReference = 2E611B0E2B4C4B5300A96FCB /* PageLoader.framework */;
			productType = "com.apple.product-type.framework";
		};
		2E611B142B4C4B5300A96FCB /* PageLoaderTests */ = {
			isa = PBXNativeTarget;
			buildConfigurationList = 2E611B262B4C4B5400A96FCB /* Build configuration list for PBXNativeTarget "PageLoaderTests" */;
			buildPhases = (
				2E611B112B4C4B5300A96FCB /* Sources */,
				2E611B122B4C4B5300A96FCB /* Frameworks */,
				2E611B132B4C4B5300A96FCB /* Resources */,
			);
			buildRules = (
			);
			dependencies = (
				2E611B182B4C4B5300A96FCB /* PBXTargetDependency */,
				2E611B1A2B4C4B5300A96FCB /* PBXTargetDependency */,
			);
			name = PageLoaderTests;
			productName = PageLoaderTests;
			productReference = 2E611B152B4C4B5300A96FCB /* PageLoaderTests.xctest */;
			productType = "com.apple.product-type.bundle.unit-test";
		};
		2E611B2D2B4C4B6900A96FCB /* Cache */ = {
			isa = PBXNativeTarget;
			buildConfigurationList = 2E611B432B4C4B6B00A96FCB /* Build configuration list for PBXNativeTarget "Cache" */;
			buildPhases = (
				2E611B292B4C4B6900A96FCB /* Headers */,
				2E611B2A2B4C4B6900A96FCB /* Sources */,
				2E611B2B2B4C4B6900A96FCB /* Frameworks */,
				2E611B2C2B4C4B6900A96FCB /* Resources */,
			);
			buildRules = (
			);
			dependencies = (
			);
			name = Cache;
			productName = Cache;
			productReference = 2E611B2E2B4C4B6900A96FCB /* Cache.framework */;
			productType = "com.apple.product-type.framework";
		};
		2E611B342B4C4B6A00A96FCB /* CacheTests */ = {
			isa = PBXNativeTarget;
			buildConfigurationList = 2E611B462B4C4B6B00A96FCB /* Build configuration list for PBXNativeTarget "CacheTests" */;
			buildPhases = (
				2E611B312B4C4B6A00A96FCB /* Sources */,
				2E611B322B4C4B6A00A96FCB /* Frameworks */,
				2E611B332B4C4B6A00A96FCB /* Resources */,
			);
			buildRules = (
			);
			dependencies = (
				2E611B382B4C4B6A00A96FCB /* PBXTargetDependency */,
				2E611B3A2B4C4B6A00A96FCB /* PBXTargetDependency */,
			);
			name = CacheTests;
			productName = CacheTests;
			productReference = 2E611B352B4C4B6A00A96FCB /* CacheTests.xctest */;
			productType = "com.apple.product-type.bundle.unit-test";
		};
/* End PBXNativeTarget section */

/* Begin PBXProject section */
		2E611A992B4C4A4000A96FCB /* Project object */ = {
			isa = PBXProject;
			attributes = {
				BuildIndependentTargetsInParallel = 1;
				LastSwiftUpdateCheck = 1510;
				LastUpgradeCheck = 1510;
				TargetAttributes = {
					2E611AA02B4C4A4000A96FCB = {
						CreatedOnToolsVersion = 15.1;
					};
					2E611AB02B4C4A4100A96FCB = {
						CreatedOnToolsVersion = 15.1;
						TestTargetID = 2E611AA02B4C4A4000A96FCB;
					};
					2E611AEC2B4C4B4B00A96FCB = {
						CreatedOnToolsVersion = 15.1;
						LastSwiftMigration = 1510;
					};
					2E611AF32B4C4B4B00A96FCB = {
						CreatedOnToolsVersion = 15.1;
						TestTargetID = 2E611AA02B4C4A4000A96FCB;
					};
					2E611B0D2B4C4B5300A96FCB = {
						CreatedOnToolsVersion = 15.1;
						LastSwiftMigration = 1510;
					};
					2E611B142B4C4B5300A96FCB = {
						CreatedOnToolsVersion = 15.1;
						TestTargetID = 2E611AA02B4C4A4000A96FCB;
					};
					2E611B2D2B4C4B6900A96FCB = {
						CreatedOnToolsVersion = 15.1;
						LastSwiftMigration = 1510;
					};
					2E611B342B4C4B6A00A96FCB = {
						CreatedOnToolsVersion = 15.1;
						TestTargetID = 2E611AA02B4C4A4000A96FCB;
					};
				};
			};
			buildConfigurationList = 2E611A9C2B4C4A4000A96FCB /* Build configuration list for PBXProject "Crypto Price Tracker" */;
			compatibilityVersion = "Xcode 14.0";
			developmentRegion = en;
			hasScannedForEncodings = 0;
			knownRegions = (
				en,
				Base,
			);
			mainGroup = 2E611A982B4C4A4000A96FCB;
			productRefGroup = 2E611AA22B4C4A4000A96FCB /* Products */;
			projectDirPath = "";
			projectRoot = "";
			targets = (
				2E611AA02B4C4A4000A96FCB /* Crypto Price Tracker */,
				2E611AB02B4C4A4100A96FCB /* Crypto Price TrackerTests */,
				2E611AEC2B4C4B4B00A96FCB /* DataLoader */,
				2E611AF32B4C4B4B00A96FCB /* DataLoaderTests */,
				2E611B0D2B4C4B5300A96FCB /* PageLoader */,
				2E611B142B4C4B5300A96FCB /* PageLoaderTests */,
				2E611B2D2B4C4B6900A96FCB /* Cache */,
				2E611B342B4C4B6A00A96FCB /* CacheTests */,
			);
		};
/* End PBXProject section */

/* Begin PBXResourcesBuildPhase section */
		2E611A9F2B4C4A4000A96FCB /* Resources */ = {
			isa = PBXResourcesBuildPhase;
			buildActionMask = 2147483647;
			files = (
				2E611AAC2B4C4A4100A96FCB /* Preview Assets.xcassets in Resources */,
				2E611AA92B4C4A4100A96FCB /* Assets.xcassets in Resources */,
			);
			runOnlyForDeploymentPostprocessing = 0;
		};
		2E611AAF2B4C4A4100A96FCB /* Resources */ = {
			isa = PBXResourcesBuildPhase;
			buildActionMask = 2147483647;
			files = (
			);
			runOnlyForDeploymentPostprocessing = 0;
		};
		2E611AEB2B4C4B4B00A96FCB /* Resources */ = {
			isa = PBXResourcesBuildPhase;
			buildActionMask = 2147483647;
			files = (
			);
			runOnlyForDeploymentPostprocessing = 0;
		};
		2E611AF22B4C4B4B00A96FCB /* Resources */ = {
			isa = PBXResourcesBuildPhase;
			buildActionMask = 2147483647;
			files = (
			);
			runOnlyForDeploymentPostprocessing = 0;
		};
		2E611B0C2B4C4B5300A96FCB /* Resources */ = {
			isa = PBXResourcesBuildPhase;
			buildActionMask = 2147483647;
			files = (
			);
			runOnlyForDeploymentPostprocessing = 0;
		};
		2E611B132B4C4B5300A96FCB /* Resources */ = {
			isa = PBXResourcesBuildPhase;
			buildActionMask = 2147483647;
			files = (
			);
			runOnlyForDeploymentPostprocessing = 0;
		};
		2E611B2C2B4C4B6900A96FCB /* Resources */ = {
			isa = PBXResourcesBuildPhase;
			buildActionMask = 2147483647;
			files = (
			);
			runOnlyForDeploymentPostprocessing = 0;
		};
		2E611B332B4C4B6A00A96FCB /* Resources */ = {
			isa = PBXResourcesBuildPhase;
			buildActionMask = 2147483647;
			files = (
			);
			runOnlyForDeploymentPostprocessing = 0;
		};
/* End PBXResourcesBuildPhase section */

/* Begin PBXSourcesBuildPhase section */
		2E611A9D2B4C4A4000A96FCB /* Sources */ = {
			isa = PBXSourcesBuildPhase;
			buildActionMask = 2147483647;
			files = (
				2E611B6E2B4C50D500A96FCB /* Models.swift in Sources */,
				2E611B502B4C4C5200A96FCB /* CoinListLoader.swift in Sources */,
				2E611B6C2B4C4D4600A96FCB /* PageFactory.swift in Sources */,
				2E611B772B4D38A600A96FCB /* NavigationCoordinator.swift in Sources */,
				2E611B522B4C4C6000A96FCB /* CoinListView.swift in Sources */,
				2E611B722B4C533E00A96FCB /* String+Extensions.swift in Sources */,
				2E611B852B4ED5E900A96FCB /* ExchangeRateLoader.swift in Sources */,
				2E611B642B4C4D0A00A96FCB /* ServiceProvider.swift in Sources */,
				2E611B7B2B4DB4DB00A96FCB /* SettingsView.swift in Sources */,
				2E611B562B4C4C7C00A96FCB /* CoinListViewModel.swift in Sources */,
				2E611B832B4E90CC00A96FCB /* ModalPageView.swift in Sources */,
				2E611B7F2B4DB59700A96FCB /* Settings.swift in Sources */,
				2E611B592B4C4CA400A96FCB /* CoinListItemView.swift in Sources */,
				2E611B812B4E8DF300A96FCB /* SettingsPage.swift in Sources */,
				2E611B742B4D37E000A96FCB /* View+Extensions.swift in Sources */,
				2E611AA52B4C4A4000A96FCB /* CryptoPriceTrackerApp.swift in Sources */,
				2E611B5B2B4C4CAE00A96FCB /* CoinListItemViewModel.swift in Sources */,
				2E611B8A2B4ED8F800A96FCB /* ExchangeRates.swift in Sources */,
				2E611B542B4C4C7100A96FCB /* CoinListPage.swift in Sources */,
			);
			runOnlyForDeploymentPostprocessing = 0;
		};
		2E611AAD2B4C4A4100A96FCB /* Sources */ = {
			isa = PBXSourcesBuildPhase;
			buildActionMask = 2147483647;
			files = (
				2E611AB62B4C4A4100A96FCB /* Crypto_Price_TrackerTests.swift in Sources */,
			);
			runOnlyForDeploymentPostprocessing = 0;
		};
		2E611AE92B4C4B4B00A96FCB /* Sources */ = {
			isa = PBXSourcesBuildPhase;
			buildActionMask = 2147483647;
			files = (
				2E611B5D2B4C4CC200A96FCB /* DataLoader.swift in Sources */,
			);
			runOnlyForDeploymentPostprocessing = 0;
		};
		2E611AF02B4C4B4B00A96FCB /* Sources */ = {
			isa = PBXSourcesBuildPhase;
			buildActionMask = 2147483647;
			files = (
				2E611AFC2B4C4B4C00A96FCB /* DataLoaderTests.swift in Sources */,
			);
			runOnlyForDeploymentPostprocessing = 0;
		};
		2E611B0A2B4C4B5300A96FCB /* Sources */ = {
			isa = PBXSourcesBuildPhase;
			buildActionMask = 2147483647;
			files = (
				2E611B602B4C4CD600A96FCB /* PageLoader.swift in Sources */,
				2E611B612B4C4CD600A96FCB /* ErrorView.swift in Sources */,
			);
			runOnlyForDeploymentPostprocessing = 0;
		};
		2E611B112B4C4B5300A96FCB /* Sources */ = {
			isa = PBXSourcesBuildPhase;
			buildActionMask = 2147483647;
			files = (
				2E611B1D2B4C4B5400A96FCB /* PageLoaderTests.swift in Sources */,
			);
			runOnlyForDeploymentPostprocessing = 0;
		};
		2E611B2A2B4C4B6900A96FCB /* Sources */ = {
			isa = PBXSourcesBuildPhase;
			buildActionMask = 2147483647;
			files = (
				2E611B6A2B4C4D2500A96FCB /* PublisherCache.swift in Sources */,
				2E611B692B4C4D2500A96FCB /* Cache.swift in Sources */,
				2E611B682B4C4D2500A96FCB /* AnyPublisher+Cache.swift in Sources */,
			);
			runOnlyForDeploymentPostprocessing = 0;
		};
		2E611B312B4C4B6A00A96FCB /* Sources */ = {
			isa = PBXSourcesBuildPhase;
			buildActionMask = 2147483647;
			files = (
				2E611B3D2B4C4B6A00A96FCB /* CacheTests.swift in Sources */,
			);
			runOnlyForDeploymentPostprocessing = 0;
		};
/* End PBXSourcesBuildPhase section */

/* Begin PBXTargetDependency section */
		2E611AB32B4C4A4100A96FCB /* PBXTargetDependency */ = {
			isa = PBXTargetDependency;
			target = 2E611AA02B4C4A4000A96FCB /* Crypto Price Tracker */;
			targetProxy = 2E611AB22B4C4A4100A96FCB /* PBXContainerItemProxy */;
		};
		2E611AF72B4C4B4C00A96FCB /* PBXTargetDependency */ = {
			isa = PBXTargetDependency;
			target = 2E611AEC2B4C4B4B00A96FCB /* DataLoader */;
			targetProxy = 2E611AF62B4C4B4C00A96FCB /* PBXContainerItemProxy */;
		};
		2E611AF92B4C4B4C00A96FCB /* PBXTargetDependency */ = {
			isa = PBXTargetDependency;
			target = 2E611AA02B4C4A4000A96FCB /* Crypto Price Tracker */;
			targetProxy = 2E611AF82B4C4B4C00A96FCB /* PBXContainerItemProxy */;
		};
		2E611AFF2B4C4B4C00A96FCB /* PBXTargetDependency */ = {
			isa = PBXTargetDependency;
			target = 2E611AEC2B4C4B4B00A96FCB /* DataLoader */;
			targetProxy = 2E611AFE2B4C4B4C00A96FCB /* PBXContainerItemProxy */;
		};
		2E611B182B4C4B5300A96FCB /* PBXTargetDependency */ = {
			isa = PBXTargetDependency;
			target = 2E611B0D2B4C4B5300A96FCB /* PageLoader */;
			targetProxy = 2E611B172B4C4B5300A96FCB /* PBXContainerItemProxy */;
		};
		2E611B1A2B4C4B5300A96FCB /* PBXTargetDependency */ = {
			isa = PBXTargetDependency;
			target = 2E611AA02B4C4A4000A96FCB /* Crypto Price Tracker */;
			targetProxy = 2E611B192B4C4B5300A96FCB /* PBXContainerItemProxy */;
		};
		2E611B202B4C4B5400A96FCB /* PBXTargetDependency */ = {
			isa = PBXTargetDependency;
			target = 2E611B0D2B4C4B5300A96FCB /* PageLoader */;
			targetProxy = 2E611B1F2B4C4B5400A96FCB /* PBXContainerItemProxy */;
		};
		2E611B382B4C4B6A00A96FCB /* PBXTargetDependency */ = {
			isa = PBXTargetDependency;
			target = 2E611B2D2B4C4B6900A96FCB /* Cache */;
			targetProxy = 2E611B372B4C4B6A00A96FCB /* PBXContainerItemProxy */;
		};
		2E611B3A2B4C4B6A00A96FCB /* PBXTargetDependency */ = {
			isa = PBXTargetDependency;
			target = 2E611AA02B4C4A4000A96FCB /* Crypto Price Tracker */;
			targetProxy = 2E611B392B4C4B6A00A96FCB /* PBXContainerItemProxy */;
		};
		2E611B402B4C4B6A00A96FCB /* PBXTargetDependency */ = {
			isa = PBXTargetDependency;
			target = 2E611B2D2B4C4B6900A96FCB /* Cache */;
			targetProxy = 2E611B3F2B4C4B6A00A96FCB /* PBXContainerItemProxy */;
		};
/* End PBXTargetDependency section */

/* Begin XCBuildConfiguration section */
		2E611AC32B4C4A4100A96FCB /* Debug */ = {
			isa = XCBuildConfiguration;
			buildSettings = {
				ALWAYS_SEARCH_USER_PATHS = NO;
				ASSETCATALOG_COMPILER_GENERATE_SWIFT_ASSET_SYMBOL_EXTENSIONS = YES;
				CLANG_ANALYZER_NONNULL = YES;
				CLANG_ANALYZER_NUMBER_OBJECT_CONVERSION = YES_AGGRESSIVE;
				CLANG_CXX_LANGUAGE_STANDARD = "gnu++20";
				CLANG_ENABLE_MODULES = YES;
				CLANG_ENABLE_OBJC_ARC = YES;
				CLANG_ENABLE_OBJC_WEAK = YES;
				CLANG_WARN_BLOCK_CAPTURE_AUTORELEASING = YES;
				CLANG_WARN_BOOL_CONVERSION = YES;
				CLANG_WARN_COMMA = YES;
				CLANG_WARN_CONSTANT_CONVERSION = YES;
				CLANG_WARN_DEPRECATED_OBJC_IMPLEMENTATIONS = YES;
				CLANG_WARN_DIRECT_OBJC_ISA_USAGE = YES_ERROR;
				CLANG_WARN_DOCUMENTATION_COMMENTS = YES;
				CLANG_WARN_EMPTY_BODY = YES;
				CLANG_WARN_ENUM_CONVERSION = YES;
				CLANG_WARN_INFINITE_RECURSION = YES;
				CLANG_WARN_INT_CONVERSION = YES;
				CLANG_WARN_NON_LITERAL_NULL_CONVERSION = YES;
				CLANG_WARN_OBJC_IMPLICIT_RETAIN_SELF = YES;
				CLANG_WARN_OBJC_LITERAL_CONVERSION = YES;
				CLANG_WARN_OBJC_ROOT_CLASS = YES_ERROR;
				CLANG_WARN_QUOTED_INCLUDE_IN_FRAMEWORK_HEADER = YES;
				CLANG_WARN_RANGE_LOOP_ANALYSIS = YES;
				CLANG_WARN_STRICT_PROTOTYPES = YES;
				CLANG_WARN_SUSPICIOUS_MOVE = YES;
				CLANG_WARN_UNGUARDED_AVAILABILITY = YES_AGGRESSIVE;
				CLANG_WARN_UNREACHABLE_CODE = YES;
				CLANG_WARN__DUPLICATE_METHOD_MATCH = YES;
				COPY_PHASE_STRIP = NO;
				DEBUG_INFORMATION_FORMAT = dwarf;
				ENABLE_STRICT_OBJC_MSGSEND = YES;
				ENABLE_TESTABILITY = YES;
				ENABLE_USER_SCRIPT_SANDBOXING = YES;
				GCC_C_LANGUAGE_STANDARD = gnu17;
				GCC_DYNAMIC_NO_PIC = NO;
				GCC_NO_COMMON_BLOCKS = YES;
				GCC_OPTIMIZATION_LEVEL = 0;
				GCC_PREPROCESSOR_DEFINITIONS = (
					"DEBUG=1",
					"$(inherited)",
				);
				GCC_WARN_64_TO_32_BIT_CONVERSION = YES;
				GCC_WARN_ABOUT_RETURN_TYPE = YES_ERROR;
				GCC_WARN_UNDECLARED_SELECTOR = YES;
				GCC_WARN_UNINITIALIZED_AUTOS = YES_AGGRESSIVE;
				GCC_WARN_UNUSED_FUNCTION = YES;
				GCC_WARN_UNUSED_VARIABLE = YES;
				IPHONEOS_DEPLOYMENT_TARGET = 17.2;
				LOCALIZATION_PREFERS_STRING_CATALOGS = YES;
				MTL_ENABLE_DEBUG_INFO = INCLUDE_SOURCE;
				MTL_FAST_MATH = YES;
				ONLY_ACTIVE_ARCH = YES;
				SDKROOT = iphoneos;
				SWIFT_ACTIVE_COMPILATION_CONDITIONS = "DEBUG $(inherited)";
				SWIFT_OPTIMIZATION_LEVEL = "-Onone";
			};
			name = Debug;
		};
		2E611AC42B4C4A4100A96FCB /* Release */ = {
			isa = XCBuildConfiguration;
			buildSettings = {
				ALWAYS_SEARCH_USER_PATHS = NO;
				ASSETCATALOG_COMPILER_GENERATE_SWIFT_ASSET_SYMBOL_EXTENSIONS = YES;
				CLANG_ANALYZER_NONNULL = YES;
				CLANG_ANALYZER_NUMBER_OBJECT_CONVERSION = YES_AGGRESSIVE;
				CLANG_CXX_LANGUAGE_STANDARD = "gnu++20";
				CLANG_ENABLE_MODULES = YES;
				CLANG_ENABLE_OBJC_ARC = YES;
				CLANG_ENABLE_OBJC_WEAK = YES;
				CLANG_WARN_BLOCK_CAPTURE_AUTORELEASING = YES;
				CLANG_WARN_BOOL_CONVERSION = YES;
				CLANG_WARN_COMMA = YES;
				CLANG_WARN_CONSTANT_CONVERSION = YES;
				CLANG_WARN_DEPRECATED_OBJC_IMPLEMENTATIONS = YES;
				CLANG_WARN_DIRECT_OBJC_ISA_USAGE = YES_ERROR;
				CLANG_WARN_DOCUMENTATION_COMMENTS = YES;
				CLANG_WARN_EMPTY_BODY = YES;
				CLANG_WARN_ENUM_CONVERSION = YES;
				CLANG_WARN_INFINITE_RECURSION = YES;
				CLANG_WARN_INT_CONVERSION = YES;
				CLANG_WARN_NON_LITERAL_NULL_CONVERSION = YES;
				CLANG_WARN_OBJC_IMPLICIT_RETAIN_SELF = YES;
				CLANG_WARN_OBJC_LITERAL_CONVERSION = YES;
				CLANG_WARN_OBJC_ROOT_CLASS = YES_ERROR;
				CLANG_WARN_QUOTED_INCLUDE_IN_FRAMEWORK_HEADER = YES;
				CLANG_WARN_RANGE_LOOP_ANALYSIS = YES;
				CLANG_WARN_STRICT_PROTOTYPES = YES;
				CLANG_WARN_SUSPICIOUS_MOVE = YES;
				CLANG_WARN_UNGUARDED_AVAILABILITY = YES_AGGRESSIVE;
				CLANG_WARN_UNREACHABLE_CODE = YES;
				CLANG_WARN__DUPLICATE_METHOD_MATCH = YES;
				COPY_PHASE_STRIP = NO;
				DEBUG_INFORMATION_FORMAT = "dwarf-with-dsym";
				ENABLE_NS_ASSERTIONS = NO;
				ENABLE_STRICT_OBJC_MSGSEND = YES;
				ENABLE_USER_SCRIPT_SANDBOXING = YES;
				GCC_C_LANGUAGE_STANDARD = gnu17;
				GCC_NO_COMMON_BLOCKS = YES;
				GCC_WARN_64_TO_32_BIT_CONVERSION = YES;
				GCC_WARN_ABOUT_RETURN_TYPE = YES_ERROR;
				GCC_WARN_UNDECLARED_SELECTOR = YES;
				GCC_WARN_UNINITIALIZED_AUTOS = YES_AGGRESSIVE;
				GCC_WARN_UNUSED_FUNCTION = YES;
				GCC_WARN_UNUSED_VARIABLE = YES;
				IPHONEOS_DEPLOYMENT_TARGET = 17.2;
				LOCALIZATION_PREFERS_STRING_CATALOGS = YES;
				MTL_ENABLE_DEBUG_INFO = NO;
				MTL_FAST_MATH = YES;
				SDKROOT = iphoneos;
				SWIFT_COMPILATION_MODE = wholemodule;
				VALIDATE_PRODUCT = YES;
			};
			name = Release;
		};
		2E611AC62B4C4A4100A96FCB /* Debug */ = {
			isa = XCBuildConfiguration;
			buildSettings = {
				ALWAYS_EMBED_SWIFT_STANDARD_LIBRARIES = YES;
				ASSETCATALOG_COMPILER_APPICON_NAME = AppIcon;
				ASSETCATALOG_COMPILER_GLOBAL_ACCENT_COLOR_NAME = AccentColor;
				CODE_SIGN_STYLE = Automatic;
				CURRENT_PROJECT_VERSION = 1;
				DEVELOPMENT_ASSET_PATHS = "\"Crypto Price Tracker/Preview Content\"";
				DEVELOPMENT_TEAM = 4DJCXT9LT9;
				ENABLE_PREVIEWS = YES;
				GENERATE_INFOPLIST_FILE = YES;
				INFOPLIST_KEY_UIApplicationSceneManifest_Generation = YES;
				INFOPLIST_KEY_UIApplicationSupportsIndirectInputEvents = YES;
				INFOPLIST_KEY_UILaunchScreen_Generation = YES;
				INFOPLIST_KEY_UISupportedInterfaceOrientations_iPad = "UIInterfaceOrientationPortrait UIInterfaceOrientationPortraitUpsideDown UIInterfaceOrientationLandscapeLeft UIInterfaceOrientationLandscapeRight";
				INFOPLIST_KEY_UISupportedInterfaceOrientations_iPhone = "UIInterfaceOrientationPortrait UIInterfaceOrientationLandscapeLeft UIInterfaceOrientationLandscapeRight";
				LD_RUNPATH_SEARCH_PATHS = (
					"$(inherited)",
					"@executable_path/Frameworks",
				);
				MARKETING_VERSION = 1.0;
				PRODUCT_BUNDLE_IDENTIFIER = "co.dkapps.Crypto-Price-Tracker";
				PRODUCT_NAME = "$(TARGET_NAME)";
				SWIFT_EMIT_LOC_STRINGS = YES;
				SWIFT_VERSION = 5.0;
				TARGETED_DEVICE_FAMILY = "1,2";
			};
			name = Debug;
		};
		2E611AC72B4C4A4100A96FCB /* Release */ = {
			isa = XCBuildConfiguration;
			buildSettings = {
				ALWAYS_EMBED_SWIFT_STANDARD_LIBRARIES = YES;
				ASSETCATALOG_COMPILER_APPICON_NAME = AppIcon;
				ASSETCATALOG_COMPILER_GLOBAL_ACCENT_COLOR_NAME = AccentColor;
				CODE_SIGN_STYLE = Automatic;
				CURRENT_PROJECT_VERSION = 1;
				DEVELOPMENT_ASSET_PATHS = "\"Crypto Price Tracker/Preview Content\"";
				DEVELOPMENT_TEAM = 4DJCXT9LT9;
				ENABLE_PREVIEWS = YES;
				GENERATE_INFOPLIST_FILE = YES;
				INFOPLIST_KEY_UIApplicationSceneManifest_Generation = YES;
				INFOPLIST_KEY_UIApplicationSupportsIndirectInputEvents = YES;
				INFOPLIST_KEY_UILaunchScreen_Generation = YES;
				INFOPLIST_KEY_UISupportedInterfaceOrientations_iPad = "UIInterfaceOrientationPortrait UIInterfaceOrientationPortraitUpsideDown UIInterfaceOrientationLandscapeLeft UIInterfaceOrientationLandscapeRight";
				INFOPLIST_KEY_UISupportedInterfaceOrientations_iPhone = "UIInterfaceOrientationPortrait UIInterfaceOrientationLandscapeLeft UIInterfaceOrientationLandscapeRight";
				LD_RUNPATH_SEARCH_PATHS = (
					"$(inherited)",
					"@executable_path/Frameworks",
				);
				MARKETING_VERSION = 1.0;
				PRODUCT_BUNDLE_IDENTIFIER = "co.dkapps.Crypto-Price-Tracker";
				PRODUCT_NAME = "$(TARGET_NAME)";
				SWIFT_EMIT_LOC_STRINGS = YES;
				SWIFT_VERSION = 5.0;
				TARGETED_DEVICE_FAMILY = "1,2";
			};
			name = Release;
		};
		2E611AC92B4C4A4100A96FCB /* Debug */ = {
			isa = XCBuildConfiguration;
			buildSettings = {
				ALWAYS_EMBED_SWIFT_STANDARD_LIBRARIES = YES;
				BUNDLE_LOADER = "$(TEST_HOST)";
				CODE_SIGN_STYLE = Automatic;
				CURRENT_PROJECT_VERSION = 1;
				DEVELOPMENT_TEAM = 4DJCXT9LT9;
				GENERATE_INFOPLIST_FILE = YES;
				IPHONEOS_DEPLOYMENT_TARGET = 17.2;
				MARKETING_VERSION = 1.0;
				PRODUCT_BUNDLE_IDENTIFIER = "co.dkapps.Crypto-Price-TrackerTests";
				PRODUCT_NAME = "$(TARGET_NAME)";
				SWIFT_EMIT_LOC_STRINGS = NO;
				SWIFT_VERSION = 5.0;
				TARGETED_DEVICE_FAMILY = "1,2";
				TEST_HOST = "$(BUILT_PRODUCTS_DIR)/Crypto Price Tracker.app/$(BUNDLE_EXECUTABLE_FOLDER_PATH)/Crypto Price Tracker";
			};
			name = Debug;
		};
		2E611ACA2B4C4A4100A96FCB /* Release */ = {
			isa = XCBuildConfiguration;
			buildSettings = {
				ALWAYS_EMBED_SWIFT_STANDARD_LIBRARIES = YES;
				BUNDLE_LOADER = "$(TEST_HOST)";
				CODE_SIGN_STYLE = Automatic;
				CURRENT_PROJECT_VERSION = 1;
				DEVELOPMENT_TEAM = 4DJCXT9LT9;
				GENERATE_INFOPLIST_FILE = YES;
				IPHONEOS_DEPLOYMENT_TARGET = 17.2;
				MARKETING_VERSION = 1.0;
				PRODUCT_BUNDLE_IDENTIFIER = "co.dkapps.Crypto-Price-TrackerTests";
				PRODUCT_NAME = "$(TARGET_NAME)";
				SWIFT_EMIT_LOC_STRINGS = NO;
				SWIFT_VERSION = 5.0;
				TARGETED_DEVICE_FAMILY = "1,2";
				TEST_HOST = "$(BUILT_PRODUCTS_DIR)/Crypto Price Tracker.app/$(BUNDLE_EXECUTABLE_FOLDER_PATH)/Crypto Price Tracker";
			};
			name = Release;
		};
		2E611B032B4C4B4C00A96FCB /* Debug */ = {
			isa = XCBuildConfiguration;
			buildSettings = {
				CLANG_ENABLE_MODULES = YES;
				CODE_SIGN_STYLE = Automatic;
				CURRENT_PROJECT_VERSION = 1;
				DEFINES_MODULE = YES;
				DEVELOPMENT_TEAM = 4DJCXT9LT9;
				DYLIB_COMPATIBILITY_VERSION = 1;
				DYLIB_CURRENT_VERSION = 1;
				DYLIB_INSTALL_NAME_BASE = "@rpath";
				ENABLE_MODULE_VERIFIER = YES;
				GENERATE_INFOPLIST_FILE = YES;
				INFOPLIST_KEY_NSHumanReadableCopyright = "";
				INSTALL_PATH = "$(LOCAL_LIBRARY_DIR)/Frameworks";
				LD_RUNPATH_SEARCH_PATHS = (
					"$(inherited)",
					"@executable_path/Frameworks",
					"@loader_path/Frameworks",
				);
				MARKETING_VERSION = 1.0;
				MODULE_VERIFIER_SUPPORTED_LANGUAGES = "objective-c objective-c++";
				MODULE_VERIFIER_SUPPORTED_LANGUAGE_STANDARDS = "gnu17 gnu++20";
				PRODUCT_BUNDLE_IDENTIFIER = co.dkapps.DataLoader;
				PRODUCT_NAME = "$(TARGET_NAME:c99extidentifier)";
				SKIP_INSTALL = YES;
				SWIFT_EMIT_LOC_STRINGS = YES;
				SWIFT_OPTIMIZATION_LEVEL = "-Onone";
				SWIFT_VERSION = 5.0;
				TARGETED_DEVICE_FAMILY = "1,2";
				VERSIONING_SYSTEM = "apple-generic";
				VERSION_INFO_PREFIX = "";
			};
			name = Debug;
		};
		2E611B042B4C4B4C00A96FCB /* Release */ = {
			isa = XCBuildConfiguration;
			buildSettings = {
				CLANG_ENABLE_MODULES = YES;
				CODE_SIGN_STYLE = Automatic;
				CURRENT_PROJECT_VERSION = 1;
				DEFINES_MODULE = YES;
				DEVELOPMENT_TEAM = 4DJCXT9LT9;
				DYLIB_COMPATIBILITY_VERSION = 1;
				DYLIB_CURRENT_VERSION = 1;
				DYLIB_INSTALL_NAME_BASE = "@rpath";
				ENABLE_MODULE_VERIFIER = YES;
				GENERATE_INFOPLIST_FILE = YES;
				INFOPLIST_KEY_NSHumanReadableCopyright = "";
				INSTALL_PATH = "$(LOCAL_LIBRARY_DIR)/Frameworks";
				LD_RUNPATH_SEARCH_PATHS = (
					"$(inherited)",
					"@executable_path/Frameworks",
					"@loader_path/Frameworks",
				);
				MARKETING_VERSION = 1.0;
				MODULE_VERIFIER_SUPPORTED_LANGUAGES = "objective-c objective-c++";
				MODULE_VERIFIER_SUPPORTED_LANGUAGE_STANDARDS = "gnu17 gnu++20";
				PRODUCT_BUNDLE_IDENTIFIER = co.dkapps.DataLoader;
				PRODUCT_NAME = "$(TARGET_NAME:c99extidentifier)";
				SKIP_INSTALL = YES;
				SWIFT_EMIT_LOC_STRINGS = YES;
				SWIFT_VERSION = 5.0;
				TARGETED_DEVICE_FAMILY = "1,2";
				VERSIONING_SYSTEM = "apple-generic";
				VERSION_INFO_PREFIX = "";
			};
			name = Release;
		};
		2E611B072B4C4B4C00A96FCB /* Debug */ = {
			isa = XCBuildConfiguration;
			buildSettings = {
				ALWAYS_EMBED_SWIFT_STANDARD_LIBRARIES = YES;
				CODE_SIGN_STYLE = Automatic;
				CURRENT_PROJECT_VERSION = 1;
				DEVELOPMENT_TEAM = 4DJCXT9LT9;
				GENERATE_INFOPLIST_FILE = YES;
				MARKETING_VERSION = 1.0;
				PRODUCT_BUNDLE_IDENTIFIER = co.dkapps.DataLoaderTests;
				PRODUCT_NAME = "$(TARGET_NAME)";
				SWIFT_EMIT_LOC_STRINGS = NO;
				SWIFT_VERSION = 5.0;
				TARGETED_DEVICE_FAMILY = "1,2";
				TEST_HOST = "$(BUILT_PRODUCTS_DIR)/Crypto Price Tracker.app/$(BUNDLE_EXECUTABLE_FOLDER_PATH)/Crypto Price Tracker";
			};
			name = Debug;
		};
		2E611B082B4C4B4C00A96FCB /* Release */ = {
			isa = XCBuildConfiguration;
			buildSettings = {
				ALWAYS_EMBED_SWIFT_STANDARD_LIBRARIES = YES;
				CODE_SIGN_STYLE = Automatic;
				CURRENT_PROJECT_VERSION = 1;
				DEVELOPMENT_TEAM = 4DJCXT9LT9;
				GENERATE_INFOPLIST_FILE = YES;
				MARKETING_VERSION = 1.0;
				PRODUCT_BUNDLE_IDENTIFIER = co.dkapps.DataLoaderTests;
				PRODUCT_NAME = "$(TARGET_NAME)";
				SWIFT_EMIT_LOC_STRINGS = NO;
				SWIFT_VERSION = 5.0;
				TARGETED_DEVICE_FAMILY = "1,2";
				TEST_HOST = "$(BUILT_PRODUCTS_DIR)/Crypto Price Tracker.app/$(BUNDLE_EXECUTABLE_FOLDER_PATH)/Crypto Price Tracker";
			};
			name = Release;
		};
		2E611B242B4C4B5400A96FCB /* Debug */ = {
			isa = XCBuildConfiguration;
			buildSettings = {
				CLANG_ENABLE_MODULES = YES;
				CODE_SIGN_STYLE = Automatic;
				CURRENT_PROJECT_VERSION = 1;
				DEFINES_MODULE = YES;
				DEVELOPMENT_TEAM = 4DJCXT9LT9;
				DYLIB_COMPATIBILITY_VERSION = 1;
				DYLIB_CURRENT_VERSION = 1;
				DYLIB_INSTALL_NAME_BASE = "@rpath";
				ENABLE_MODULE_VERIFIER = YES;
				GENERATE_INFOPLIST_FILE = YES;
				INFOPLIST_KEY_NSHumanReadableCopyright = "";
				INSTALL_PATH = "$(LOCAL_LIBRARY_DIR)/Frameworks";
				LD_RUNPATH_SEARCH_PATHS = (
					"$(inherited)",
					"@executable_path/Frameworks",
					"@loader_path/Frameworks",
				);
				MARKETING_VERSION = 1.0;
				MODULE_VERIFIER_SUPPORTED_LANGUAGES = "objective-c objective-c++";
				MODULE_VERIFIER_SUPPORTED_LANGUAGE_STANDARDS = "gnu17 gnu++20";
				PRODUCT_BUNDLE_IDENTIFIER = co.dkapps.PageLoader;
				PRODUCT_NAME = "$(TARGET_NAME:c99extidentifier)";
				SKIP_INSTALL = YES;
				SWIFT_EMIT_LOC_STRINGS = YES;
				SWIFT_OPTIMIZATION_LEVEL = "-Onone";
				SWIFT_VERSION = 5.0;
				TARGETED_DEVICE_FAMILY = "1,2";
				VERSIONING_SYSTEM = "apple-generic";
				VERSION_INFO_PREFIX = "";
			};
			name = Debug;
		};
		2E611B252B4C4B5400A96FCB /* Release */ = {
			isa = XCBuildConfiguration;
			buildSettings = {
				CLANG_ENABLE_MODULES = YES;
				CODE_SIGN_STYLE = Automatic;
				CURRENT_PROJECT_VERSION = 1;
				DEFINES_MODULE = YES;
				DEVELOPMENT_TEAM = 4DJCXT9LT9;
				DYLIB_COMPATIBILITY_VERSION = 1;
				DYLIB_CURRENT_VERSION = 1;
				DYLIB_INSTALL_NAME_BASE = "@rpath";
				ENABLE_MODULE_VERIFIER = YES;
				GENERATE_INFOPLIST_FILE = YES;
				INFOPLIST_KEY_NSHumanReadableCopyright = "";
				INSTALL_PATH = "$(LOCAL_LIBRARY_DIR)/Frameworks";
				LD_RUNPATH_SEARCH_PATHS = (
					"$(inherited)",
					"@executable_path/Frameworks",
					"@loader_path/Frameworks",
				);
				MARKETING_VERSION = 1.0;
				MODULE_VERIFIER_SUPPORTED_LANGUAGES = "objective-c objective-c++";
				MODULE_VERIFIER_SUPPORTED_LANGUAGE_STANDARDS = "gnu17 gnu++20";
				PRODUCT_BUNDLE_IDENTIFIER = co.dkapps.PageLoader;
				PRODUCT_NAME = "$(TARGET_NAME:c99extidentifier)";
				SKIP_INSTALL = YES;
				SWIFT_EMIT_LOC_STRINGS = YES;
				SWIFT_VERSION = 5.0;
				TARGETED_DEVICE_FAMILY = "1,2";
				VERSIONING_SYSTEM = "apple-generic";
				VERSION_INFO_PREFIX = "";
			};
			name = Release;
		};
		2E611B272B4C4B5400A96FCB /* Debug */ = {
			isa = XCBuildConfiguration;
			buildSettings = {
				ALWAYS_EMBED_SWIFT_STANDARD_LIBRARIES = YES;
				CODE_SIGN_STYLE = Automatic;
				CURRENT_PROJECT_VERSION = 1;
				DEVELOPMENT_TEAM = 4DJCXT9LT9;
				GENERATE_INFOPLIST_FILE = YES;
				MARKETING_VERSION = 1.0;
				PRODUCT_BUNDLE_IDENTIFIER = co.dkapps.PageLoaderTests;
				PRODUCT_NAME = "$(TARGET_NAME)";
				SWIFT_EMIT_LOC_STRINGS = NO;
				SWIFT_VERSION = 5.0;
				TARGETED_DEVICE_FAMILY = "1,2";
				TEST_HOST = "$(BUILT_PRODUCTS_DIR)/Crypto Price Tracker.app/$(BUNDLE_EXECUTABLE_FOLDER_PATH)/Crypto Price Tracker";
			};
			name = Debug;
		};
		2E611B282B4C4B5400A96FCB /* Release */ = {
			isa = XCBuildConfiguration;
			buildSettings = {
				ALWAYS_EMBED_SWIFT_STANDARD_LIBRARIES = YES;
				CODE_SIGN_STYLE = Automatic;
				CURRENT_PROJECT_VERSION = 1;
				DEVELOPMENT_TEAM = 4DJCXT9LT9;
				GENERATE_INFOPLIST_FILE = YES;
				MARKETING_VERSION = 1.0;
				PRODUCT_BUNDLE_IDENTIFIER = co.dkapps.PageLoaderTests;
				PRODUCT_NAME = "$(TARGET_NAME)";
				SWIFT_EMIT_LOC_STRINGS = NO;
				SWIFT_VERSION = 5.0;
				TARGETED_DEVICE_FAMILY = "1,2";
				TEST_HOST = "$(BUILT_PRODUCTS_DIR)/Crypto Price Tracker.app/$(BUNDLE_EXECUTABLE_FOLDER_PATH)/Crypto Price Tracker";
			};
			name = Release;
		};
		2E611B442B4C4B6B00A96FCB /* Debug */ = {
			isa = XCBuildConfiguration;
			buildSettings = {
				CLANG_ENABLE_MODULES = YES;
				CODE_SIGN_STYLE = Automatic;
				CURRENT_PROJECT_VERSION = 1;
				DEFINES_MODULE = YES;
				DEVELOPMENT_TEAM = 4DJCXT9LT9;
				DYLIB_COMPATIBILITY_VERSION = 1;
				DYLIB_CURRENT_VERSION = 1;
				DYLIB_INSTALL_NAME_BASE = "@rpath";
				ENABLE_MODULE_VERIFIER = YES;
				GENERATE_INFOPLIST_FILE = YES;
				INFOPLIST_KEY_NSHumanReadableCopyright = "";
				INSTALL_PATH = "$(LOCAL_LIBRARY_DIR)/Frameworks";
				LD_RUNPATH_SEARCH_PATHS = (
					"$(inherited)",
					"@executable_path/Frameworks",
					"@loader_path/Frameworks",
				);
				MARKETING_VERSION = 1.0;
				MODULE_VERIFIER_SUPPORTED_LANGUAGES = "objective-c objective-c++";
				MODULE_VERIFIER_SUPPORTED_LANGUAGE_STANDARDS = "gnu17 gnu++20";
				PRODUCT_BUNDLE_IDENTIFIER = co.dkapps.Cache;
				PRODUCT_NAME = "$(TARGET_NAME:c99extidentifier)";
				SKIP_INSTALL = YES;
				SWIFT_EMIT_LOC_STRINGS = YES;
				SWIFT_OPTIMIZATION_LEVEL = "-Onone";
				SWIFT_VERSION = 5.0;
				TARGETED_DEVICE_FAMILY = "1,2";
				VERSIONING_SYSTEM = "apple-generic";
				VERSION_INFO_PREFIX = "";
			};
			name = Debug;
		};
		2E611B452B4C4B6B00A96FCB /* Release */ = {
			isa = XCBuildConfiguration;
			buildSettings = {
				CLANG_ENABLE_MODULES = YES;
				CODE_SIGN_STYLE = Automatic;
				CURRENT_PROJECT_VERSION = 1;
				DEFINES_MODULE = YES;
				DEVELOPMENT_TEAM = 4DJCXT9LT9;
				DYLIB_COMPATIBILITY_VERSION = 1;
				DYLIB_CURRENT_VERSION = 1;
				DYLIB_INSTALL_NAME_BASE = "@rpath";
				ENABLE_MODULE_VERIFIER = YES;
				GENERATE_INFOPLIST_FILE = YES;
				INFOPLIST_KEY_NSHumanReadableCopyright = "";
				INSTALL_PATH = "$(LOCAL_LIBRARY_DIR)/Frameworks";
				LD_RUNPATH_SEARCH_PATHS = (
					"$(inherited)",
					"@executable_path/Frameworks",
					"@loader_path/Frameworks",
				);
				MARKETING_VERSION = 1.0;
				MODULE_VERIFIER_SUPPORTED_LANGUAGES = "objective-c objective-c++";
				MODULE_VERIFIER_SUPPORTED_LANGUAGE_STANDARDS = "gnu17 gnu++20";
				PRODUCT_BUNDLE_IDENTIFIER = co.dkapps.Cache;
				PRODUCT_NAME = "$(TARGET_NAME:c99extidentifier)";
				SKIP_INSTALL = YES;
				SWIFT_EMIT_LOC_STRINGS = YES;
				SWIFT_VERSION = 5.0;
				TARGETED_DEVICE_FAMILY = "1,2";
				VERSIONING_SYSTEM = "apple-generic";
				VERSION_INFO_PREFIX = "";
			};
			name = Release;
		};
		2E611B472B4C4B6B00A96FCB /* Debug */ = {
			isa = XCBuildConfiguration;
			buildSettings = {
				ALWAYS_EMBED_SWIFT_STANDARD_LIBRARIES = YES;
				CODE_SIGN_STYLE = Automatic;
				CURRENT_PROJECT_VERSION = 1;
				DEVELOPMENT_TEAM = 4DJCXT9LT9;
				GENERATE_INFOPLIST_FILE = YES;
				MARKETING_VERSION = 1.0;
				PRODUCT_BUNDLE_IDENTIFIER = co.dkapps.CacheTests;
				PRODUCT_NAME = "$(TARGET_NAME)";
				SWIFT_EMIT_LOC_STRINGS = NO;
				SWIFT_VERSION = 5.0;
				TARGETED_DEVICE_FAMILY = "1,2";
				TEST_HOST = "$(BUILT_PRODUCTS_DIR)/Crypto Price Tracker.app/$(BUNDLE_EXECUTABLE_FOLDER_PATH)/Crypto Price Tracker";
			};
			name = Debug;
		};
		2E611B482B4C4B6B00A96FCB /* Release */ = {
			isa = XCBuildConfiguration;
			buildSettings = {
				ALWAYS_EMBED_SWIFT_STANDARD_LIBRARIES = YES;
				CODE_SIGN_STYLE = Automatic;
				CURRENT_PROJECT_VERSION = 1;
				DEVELOPMENT_TEAM = 4DJCXT9LT9;
				GENERATE_INFOPLIST_FILE = YES;
				MARKETING_VERSION = 1.0;
				PRODUCT_BUNDLE_IDENTIFIER = co.dkapps.CacheTests;
				PRODUCT_NAME = "$(TARGET_NAME)";
				SWIFT_EMIT_LOC_STRINGS = NO;
				SWIFT_VERSION = 5.0;
				TARGETED_DEVICE_FAMILY = "1,2";
				TEST_HOST = "$(BUILT_PRODUCTS_DIR)/Crypto Price Tracker.app/$(BUNDLE_EXECUTABLE_FOLDER_PATH)/Crypto Price Tracker";
			};
			name = Release;
		};
/* End XCBuildConfiguration section */

/* Begin XCConfigurationList section */
		2E611A9C2B4C4A4000A96FCB /* Build configuration list for PBXProject "Crypto Price Tracker" */ = {
			isa = XCConfigurationList;
			buildConfigurations = (
				2E611AC32B4C4A4100A96FCB /* Debug */,
				2E611AC42B4C4A4100A96FCB /* Release */,
			);
			defaultConfigurationIsVisible = 0;
			defaultConfigurationName = Release;
		};
		2E611AC52B4C4A4100A96FCB /* Build configuration list for PBXNativeTarget "Crypto Price Tracker" */ = {
			isa = XCConfigurationList;
			buildConfigurations = (
				2E611AC62B4C4A4100A96FCB /* Debug */,
				2E611AC72B4C4A4100A96FCB /* Release */,
			);
			defaultConfigurationIsVisible = 0;
			defaultConfigurationName = Release;
		};
		2E611AC82B4C4A4100A96FCB /* Build configuration list for PBXNativeTarget "Crypto Price TrackerTests" */ = {
			isa = XCConfigurationList;
			buildConfigurations = (
				2E611AC92B4C4A4100A96FCB /* Debug */,
				2E611ACA2B4C4A4100A96FCB /* Release */,
			);
			defaultConfigurationIsVisible = 0;
			defaultConfigurationName = Release;
		};
		2E611B022B4C4B4C00A96FCB /* Build configuration list for PBXNativeTarget "DataLoader" */ = {
			isa = XCConfigurationList;
			buildConfigurations = (
				2E611B032B4C4B4C00A96FCB /* Debug */,
				2E611B042B4C4B4C00A96FCB /* Release */,
			);
			defaultConfigurationIsVisible = 0;
			defaultConfigurationName = Release;
		};
		2E611B062B4C4B4C00A96FCB /* Build configuration list for PBXNativeTarget "DataLoaderTests" */ = {
			isa = XCConfigurationList;
			buildConfigurations = (
				2E611B072B4C4B4C00A96FCB /* Debug */,
				2E611B082B4C4B4C00A96FCB /* Release */,
			);
			defaultConfigurationIsVisible = 0;
			defaultConfigurationName = Release;
		};
		2E611B232B4C4B5400A96FCB /* Build configuration list for PBXNativeTarget "PageLoader" */ = {
			isa = XCConfigurationList;
			buildConfigurations = (
				2E611B242B4C4B5400A96FCB /* Debug */,
				2E611B252B4C4B5400A96FCB /* Release */,
			);
			defaultConfigurationIsVisible = 0;
			defaultConfigurationName = Release;
		};
		2E611B262B4C4B5400A96FCB /* Build configuration list for PBXNativeTarget "PageLoaderTests" */ = {
			isa = XCConfigurationList;
			buildConfigurations = (
				2E611B272B4C4B5400A96FCB /* Debug */,
				2E611B282B4C4B5400A96FCB /* Release */,
			);
			defaultConfigurationIsVisible = 0;
			defaultConfigurationName = Release;
		};
		2E611B432B4C4B6B00A96FCB /* Build configuration list for PBXNativeTarget "Cache" */ = {
			isa = XCConfigurationList;
			buildConfigurations = (
				2E611B442B4C4B6B00A96FCB /* Debug */,
				2E611B452B4C4B6B00A96FCB /* Release */,
			);
			defaultConfigurationIsVisible = 0;
			defaultConfigurationName = Release;
		};
		2E611B462B4C4B6B00A96FCB /* Build configuration list for PBXNativeTarget "CacheTests" */ = {
			isa = XCConfigurationList;
			buildConfigurations = (
				2E611B472B4C4B6B00A96FCB /* Debug */,
				2E611B482B4C4B6B00A96FCB /* Release */,
			);
			defaultConfigurationIsVisible = 0;
			defaultConfigurationName = Release;
		};
/* End XCConfigurationList section */
	};
	rootObject = 2E611A992B4C4A4000A96FCB /* Project object */;
}
